
Microsoft Visual Studio Solution File, Format Version 12.00
# Visual Studio 14
VisualStudioVersion = 14.0.25420.1
MinimumVisualStudioVersion = 10.0.40219.1
Project("{FAE04EC0-301F-11D3-BF4B-00C04F79EFBC}") = "greenpagesdirectory.domain", "greenpagesdirectory.domain\greenpagesdirectory.domain.csproj", "{BD032A02-5D72-414D-AA99-9EBC5A929800}"
EndProject
Project("{FAE04EC0-301F-11D3-BF4B-00C04F79EFBC}") = "greenpagesdirectory.api", "greenpagesdirectory.api\greenpagesdirectory.api.csproj", "{495336CB-F10B-4D2D-A322-9B199D34A3F0}"
EndProject
Project("{FAE04EC0-301F-11D3-BF4B-00C04F79EFBC}") = "greenpagesdirectory.api.Tests", "greenpagesdirectory.api.Tests\greenpagesdirectory.api.Tests.csproj", "{6F528A3B-AFA0-401F-B619-208B7625D45F}"
EndProject
Project("{FAE04EC0-301F-11D3-BF4B-00C04F79EFBC}") = "greenpages.web.Tests", "greenpages.web.Tests\greenpages.web.Tests.csproj", "{E10B0E97-B5E9-4559-87F8-1C9A00C30F63}"
EndProject
Project("{FAE04EC0-301F-11D3-BF4B-00C04F79EFBC}") = "greenpages.Web", "greenpages.Web\greenpages.Web.csproj", "{941C8413-5876-493B-AB83-0977DA63F581}"
EndProject
Global
	GlobalSection(SolutionConfigurationPlatforms) = preSolution
		Debug|Any CPU = Debug|Any CPU
		Release|Any CPU = Release|Any CPU
	EndGlobalSection
	GlobalSection(ProjectConfigurationPlatforms) = postSolution
		{BD032A02-5D72-414D-AA99-9EBC5A929800}.Debug|Any CPU.ActiveCfg = Debug|Any CPU
		{BD032A02-5D72-414D-AA99-9EBC5A929800}.Debug|Any CPU.Build.0 = Debug|Any CPU
		{BD032A02-5D72-414D-AA99-9EBC5A929800}.Release|Any CPU.ActiveCfg = Release|Any CPU
		{BD032A02-5D72-414D-AA99-9EBC5A929800}.Release|Any CPU.Build.0 = Release|Any CPU
		{495336CB-F10B-4D2D-A322-9B199D34A3F0}.Debug|Any CPU.ActiveCfg = Debug|Any CPU
		{495336CB-F10B-4D2D-A322-9B199D34A3F0}.Debug|Any CPU.Build.0 = Debug|Any CPU
		{495336CB-F10B-4D2D-A322-9B199D34A3F0}.Release|Any CPU.ActiveCfg = Release|Any CPU
		{495336CB-F10B-4D2D-A322-9B199D34A3F0}.Release|Any CPU.Build.0 = Release|Any CPU
		{6F528A3B-AFA0-401F-B619-208B7625D45F}.Debug|Any CPU.ActiveCfg = Debug|Any CPU
		{6F528A3B-AFA0-401F-B619-208B7625D45F}.Debug|Any CPU.Build.0 = Debug|Any CPU
		{6F528A3B-AFA0-401F-B619-208B7625D45F}.Release|Any CPU.ActiveCfg = Release|Any CPU
		{6F528A3B-AFA0-401F-B619-208B7625D45F}.Release|Any CPU.Build.0 = Release|Any CPU
		{E10B0E97-B5E9-4559-87F8-1C9A00C30F63}.Debug|Any CPU.ActiveCfg = Debug|Any CPU
		{E10B0E97-B5E9-4559-87F8-1C9A00C30F63}.Debug|Any CPU.Build.0 = Debug|Any CPU
		{E10B0E97-B5E9-4559-87F8-1C9A00C30F63}.Release|Any CPU.ActiveCfg = Release|Any CPU
		{E10B0E97-B5E9-4559-87F8-1C9A00C30F63}.Release|Any CPU.Build.0 = Release|Any CPU
		{941C8413-5876-493B-AB83-0977DA63F581}.Debug|Any CPU.ActiveCfg = Debug|Any CPU
		{941C8413-5876-493B-AB83-0977DA63F581}.Debug|Any CPU.Build.0 = Debug|Any CPU
		{941C8413-5876-493B-AB83-0977DA63F581}.Release|Any CPU.ActiveCfg = Release|Any CPU
		{941C8413-5876-493B-AB83-0977DA63F581}.Release|Any CPU.Build.0 = Release|Any CPU
	EndGlobalSection
	GlobalSection(SolutionProperties) = preSolution
		HideSolutionNode = FALSE
	EndGlobalSection
EndGlobal
